#MicroXplorer Configuration settings - do not modify
File.Version=5
KeepUserPlacement=false
Mcu.Family=STM32L1
Mcu.IP0=NVIC
Mcu.IP1=RCC
Mcu.IP2=USART1
Mcu.IPNb=3
Mcu.Name=STM32L152R(6-8-B)Tx
Mcu.Package=LQFP64
Mcu.Pin0=PH0-OSC_IN
Mcu.Pin1=PH1-OSC_OUT
Mcu.Pin2=PA0-WKUP1
Mcu.Pin3=PA9
Mcu.Pin4=PA10
Mcu.Pin5=PB6
Mcu.Pin6=PB7
Mcu.PinsNb=7
Mcu.UserConstants=
Mcu.UserName=STM32L152RBTx
MxCube.Version=4.12.0
MxDb.Version=DB.4.0.120
NVIC.PriorityGroup=NVIC_PRIORITYGROUP_4
NVIC.SysTick_IRQn=true\:0\:0\:false
NVIC.USART1_IRQn=true\:0\:0\:false
PA0-WKUP1.Locked=true
PA0-WKUP1.Signal=GPIO_Input
PA10.Mode=Asynchronous
PA10.Signal=USART1_RX
PA9.Mode=Asynchronous
PA9.Signal=USART1_TX
PB6.GPIOParameters=GPIO_Label
PB6.GPIO_Label=LD4
PB6.Locked=true
PB6.Signal=GPIO_Output
PB7.GPIOParameters=GPIO_Label
PB7.GPIO_Label=LD3
PB7.Locked=true
PB7.Signal=GPIO_Output
PCC.Checker=false
PCC.Line=STM32L151/152
PCC.MCU=STM32L152R(6-8-B)Tx
PCC.MXVersion=4.12.0
PCC.PartNumber=STM32L152RBTx
PCC.Seq0=0
PCC.Series=STM32L1
PCC.Temperature=25
PCC.Vdd=3.6
PH0-OSC_IN.Mode=HSE-External-Oscillator
PH0-OSC_IN.Signal=RCC_OSC_IN
PH1-OSC_OUT.Mode=HSE-External-Oscillator
PH1-OSC_OUT.Signal=RCC_OSC_OUT
ProjectManager.AskForMigrate=true
ProjectManager.BackupPrevious=true
ProjectManager.CompilerOptimize=2
ProjectManager.ComputerToolchain=false
ProjectManager.CoupleFile=true
ProjectManager.DeletePrevious=true
ProjectManager.DeviceId=STM32L152RBTx
ProjectManager.FirmwarePackage=STM32Cube FW_L1 V1.4.0
ProjectManager.FreePins=false
ProjectManager.HalAssertFull=false
ProjectManager.KeepUserCode=true
ProjectManager.LastFirmware=true
ProjectManager.LibraryCopy=1
ProjectManager.ProjectBuild=false
ProjectManager.ProjectFileName=smarthometest.ioc
ProjectManager.ProjectName=smarthometest
ProjectManager.TargetToolchain=EWARM
ProjectManager.ToolChainLocation=
RCC.AHBFreq_Value=32000000
RCC.APB1Freq_Value=32000000
RCC.APB1TimFreq_Value=32000000
RCC.APB2Freq_Value=32000000
RCC.APB2TimFreq_Value=32000000
RCC.FCLKCortexFreq_Value=32000000
RCC.FamilyName=M
RCC.HCLKFreq_Value=32000000
RCC.HSE_VALUE=8000000
RCC.HSI_VALUE=16000000
RCC.IPParameters=FamilyName,HSE_VALUE,RTCHSEDivFreq_Value,LSI_VALUE,RTCFreq_Value,HSI_VALUE,VCOOutputFreq_Value,PLLCLKFreq_Value,MSI_VALUE,SYSCLKFreq_VALUE,AHBFreq_Value,TIMFreq_Value,APB1Freq_Value,APB2Freq_Value,USBOutput,VCOInputFreq_Value,PLLMUL,SYSCLKSource,PWRFreq_Value,HCLKFreq_Value,TimerFreq_Value,FCLKCortexFreq_Value,APB1TimFreq_Value,APB2TimFreq_Value,MCOPinFreq_Value,PLLDIV,LSE_VALUE
RCC.LSE_VALUE=32768
RCC.LSI_VALUE=37000
RCC.MCOPinFreq_Value=32000000
RCC.MSI_VALUE=2097000
RCC.PLLCLKFreq_Value=32000000
RCC.PLLDIV=RCC_PLL_DIV3
RCC.PLLMUL=RCC_PLL_MUL6
RCC.PWRFreq_Value=32000000
RCC.RTCFreq_Value=37000
RCC.RTCHSEDivFreq_Value=4000000
RCC.SYSCLKFreq_VALUE=32000000
RCC.SYSCLKSource=RCC_SYSCLKSOURCE_PLLCLK
RCC.TIMFreq_Value=32000000
RCC.TimerFreq_Value=32000000
RCC.USBOutput=48000000
RCC.VCOInputFreq_Value=16000000
RCC.VCOOutputFreq_Value=96000000
USART1.BaudRate=9600
USART1.IPParameters=BaudRate
board=smarthometest
